{
  "meteor": {},
  "dependencies": {
    "basePackages": {
      "bootstrap-3": {}
    },
    "packages": {
      "bootstrap-3": {
        "git": "https://github.com/mangasocial/meteor-bootstrap-3.git",
        "tag": "v0.3.2",
        "commit": "a09f87b01f625ca86d97f93206e7ff475cf3db3b"
      }
    }
  }
}
